// !$*UTF8*$!
{
	archiveVersion = 1;
	classes = {
	};
	objectVersion = 50;
	objects = {

/* Begin PBXBuildFile section */
		831B35D025D811F7005CBC50 /* CounterState.swift in Sources */ = {isa = PBXBuildFile; fileRef = 831B35CF25D811F7005CBC50 /* CounterState.swift */; };
		838E247A25D7B2760009EE11 /* AppDelegate.swift in Sources */ = {isa = PBXBuildFile; fileRef = 838E247925D7B2760009EE11 /* AppDelegate.swift */; };
		838E247C25D7B2760009EE11 /* SceneDelegate.swift in Sources */ = {isa = PBXBuildFile; fileRef = 838E247B25D7B2760009EE11 /* SceneDelegate.swift */; };
		838E248125D7B2760009EE11 /* Main.storyboard in Resources */ = {isa = PBXBuildFile; fileRef = 838E247F25D7B2760009EE11 /* Main.storyboard */; };
		838E248325D7B2760009EE11 /* Assets.xcassets in Resources */ = {isa = PBXBuildFile; fileRef = 838E248225D7B2760009EE11 /* Assets.xcassets */; };
		838E248625D7B2760009EE11 /* LaunchScreen.storyboard in Resources */ = {isa = PBXBuildFile; fileRef = 838E248425D7B2760009EE11 /* LaunchScreen.storyboard */; };
		838E249025D7B2B60009EE11 /* CounterPresenter.swift in Sources */ = {isa = PBXBuildFile; fileRef = 838E248F25D7B2B60009EE11 /* CounterPresenter.swift */; };
		838E249425D7B3F60009EE11 /* README.md in Resources */ = {isa = PBXBuildFile; fileRef = 838E249325D7B3F60009EE11 /* README.md */; };
		83B2BA2727DE377F00C6E35C /* CounterViewController.swift in Sources */ = {isa = PBXBuildFile; fileRef = 83B2BA2627DE377F00C6E35C /* CounterViewController.swift */; };
		83B2BA2927DE384300C6E35C /* PanelView.swift in Sources */ = {isa = PBXBuildFile; fileRef = 83B2BA2827DE384300C6E35C /* PanelView.swift */; };
		83B2BA2B27DE3DC500C6E35C /* ViewPort.swift in Sources */ = {isa = PBXBuildFile; fileRef = 83B2BA2A27DE3DC500C6E35C /* ViewPort.swift */; };
		83B2BA2D27DE3E0E00C6E35C /* StatePort.swift in Sources */ = {isa = PBXBuildFile; fileRef = 83B2BA2C27DE3E0E00C6E35C /* StatePort.swift */; };
		83B2BA2F27DE3E1500C6E35C /* ViewModelPort.swift in Sources */ = {isa = PBXBuildFile; fileRef = 83B2BA2E27DE3E1500C6E35C /* ViewModelPort.swift */; };
/* End PBXBuildFile section */

/* Begin PBXFileReference section */
		831B35CF25D811F7005CBC50 /* CounterState.swift */ = {isa = PBXFileReference; lastKnownFileType = sourcecode.swift; path = CounterState.swift; sourceTree = "<group>"; };
		838E247625D7B2760009EE11 /* ReactiveCounter.app */ = {isa = PBXFileReference; explicitFileType = wrapper.application; includeInIndex = 0; path = ReactiveCounter.app; sourceTree = BUILT_PRODUCTS_DIR; };
		838E247925D7B2760009EE11 /* AppDelegate.swift */ = {isa = PBXFileReference; lastKnownFileType = sourcecode.swift; path = AppDelegate.swift; sourceTree = "<group>"; };
		838E247B25D7B2760009EE11 /* SceneDelegate.swift */ = {isa = PBXFileReference; lastKnownFileType = sourcecode.swift; path = SceneDelegate.swift; sourceTree = "<group>"; };
		838E248025D7B2760009EE11 /* Base */ = {isa = PBXFileReference; lastKnownFileType = file.storyboard; name = Base; path = Base.lproj/Main.storyboard; sourceTree = "<group>"; };
		838E248225D7B2760009EE11 /* Assets.xcassets */ = {isa = PBXFileReference; lastKnownFileType = folder.assetcatalog; path = Assets.xcassets; sourceTree = "<group>"; };
		838E248525D7B2760009EE11 /* Base */ = {isa = PBXFileReference; lastKnownFileType = file.storyboard; name = Base; path = Base.lproj/LaunchScreen.storyboard; sourceTree = "<group>"; };
		838E248725D7B2760009EE11 /* Info.plist */ = {isa = PBXFileReference; lastKnownFileType = text.plist.xml; path = Info.plist; sourceTree = "<group>"; };
		838E248F25D7B2B60009EE11 /* CounterPresenter.swift */ = {isa = PBXFileReference; lastKnownFileType = sourcecode.swift; path = CounterPresenter.swift; sourceTree = "<group>"; };
		838E249325D7B3F60009EE11 /* README.md */ = {isa = PBXFileReference; fileEncoding = 4; lastKnownFileType = net.daringfireball.markdown; name = README.md; path = ../README.md; sourceTree = "<group>"; };
		83B2BA2627DE377F00C6E35C /* CounterViewController.swift */ = {isa = PBXFileReference; lastKnownFileType = sourcecode.swift; path = CounterViewController.swift; sourceTree = "<group>"; };
		83B2BA2827DE384300C6E35C /* PanelView.swift */ = {isa = PBXFileReference; lastKnownFileType = sourcecode.swift; path = PanelView.swift; sourceTree = "<group>"; };
		83B2BA2A27DE3DC500C6E35C /* ViewPort.swift */ = {isa = PBXFileReference; lastKnownFileType = sourcecode.swift; path = ViewPort.swift; sourceTree = "<group>"; };
		83B2BA2C27DE3E0E00C6E35C /* StatePort.swift */ = {isa = PBXFileReference; lastKnownFileType = sourcecode.swift; path = StatePort.swift; sourceTree = "<group>"; };
		83B2BA2E27DE3E1500C6E35C /* ViewModelPort.swift */ = {isa = PBXFileReference; lastKnownFileType = sourcecode.swift; path = ViewModelPort.swift; sourceTree = "<group>"; };
/* End PBXFileReference section */

/* Begin PBXFrameworksBuildPhase section */
		838E247325D7B2760009EE11 /* Frameworks */ = {
			isa = PBXFrameworksBuildPhase;
			buildActionMask = 2147483647;
			files = (
			);
			runOnlyForDeploymentPostprocessing = 0;
		};
/* End PBXFrameworksBuildPhase section */

/* Begin PBXGroup section */
		838E246D25D7B2760009EE11 = {
			isa = PBXGroup;
			children = (
				838E249325D7B3F60009EE11 /* README.md */,
				838E247825D7B2760009EE11 /* ReactiveCounter */,
				838E247725D7B2760009EE11 /* Products */,
			);
			sourceTree = "<group>";
		};
		838E247725D7B2760009EE11 /* Products */ = {
			isa = PBXGroup;
			children = (
				838E247625D7B2760009EE11 /* ReactiveCounter.app */,
			);
			name = Products;
			sourceTree = "<group>";
		};
		838E247825D7B2760009EE11 /* ReactiveCounter */ = {
			isa = PBXGroup;
			children = (
				838E247925D7B2760009EE11 /* AppDelegate.swift */,
				838E247B25D7B2760009EE11 /* SceneDelegate.swift */,
				83B2BA2627DE377F00C6E35C /* CounterViewController.swift */,
				831B35CF25D811F7005CBC50 /* CounterState.swift */,
				83B2BA2C27DE3E0E00C6E35C /* StatePort.swift */,
				838E248F25D7B2B60009EE11 /* CounterPresenter.swift */,
				83B2BA2E27DE3E1500C6E35C /* ViewModelPort.swift */,
				83B2BA2827DE384300C6E35C /* PanelView.swift */,
				83B2BA2A27DE3DC500C6E35C /* ViewPort.swift */,
				838E247F25D7B2760009EE11 /* Main.storyboard */,
				838E248225D7B2760009EE11 /* Assets.xcassets */,
				838E248425D7B2760009EE11 /* LaunchScreen.storyboard */,
				838E248725D7B2760009EE11 /* Info.plist */,
			);
			path = ReactiveCounter;
			sourceTree = "<group>";
		};
/* End PBXGroup section */

/* Begin PBXNativeTarget section */
		838E247525D7B2760009EE11 /* ReactiveCounter */ = {
			isa = PBXNativeTarget;
			buildConfigurationList = 838E248A25D7B2760009EE11 /* Build configuration list for PBXNativeTarget "ReactiveCounter" */;
			buildPhases = (
				838E247225D7B2760009EE11 /* Sources */,
				838E247325D7B2760009EE11 /* Frameworks */,
				838E247425D7B2760009EE11 /* Resources */,
			);
			buildRules = (
			);
			dependencies = (
			);
			name = ReactiveCounter;
			productName = ReactiveCounter;
			productReference = 838E247625D7B2760009EE11 /* ReactiveCounter.app */;
			productType = "com.apple.product-type.application";
		};
/* End PBXNativeTarget section */

/* Begin PBXProject section */
		838E246E25D7B2760009EE11 /* Project object */ = {
			isa = PBXProject;
			attributes = {
				LastSwiftUpdateCheck = 1240;
				LastUpgradeCheck = 1240;
				TargetAttributes = {
					838E247525D7B2760009EE11 = {
						CreatedOnToolsVersion = 12.4;
					};
				};
			};
			buildConfigurationList = 838E247125D7B2760009EE11 /* Build configuration list for PBXProject "ReactiveCounter" */;
			compatibilityVersion = "Xcode 9.3";
			developmentRegion = en;
			hasScannedForEncodings = 0;
			knownRegions = (
				en,
				Base,
			);
			mainGroup = 838E246D25D7B2760009EE11;
			productRefGroup = 838E247725D7B2760009EE11 /* Products */;
			projectDirPath = "";
			projectRoot = "";
			targets = (
				838E247525D7B2760009EE11 /* ReactiveCounter */,
			);
		};
/* End PBXProject section */

/* Begin PBXResourcesBuildPhase section */
		838E247425D7B2760009EE11 /* Resources */ = {
			isa = PBXResourcesBuildPhase;
			buildActionMask = 2147483647;
			files = (
				838E248625D7B2760009EE11 /* LaunchScreen.storyboard in Resources */,
				838E248325D7B2760009EE11 /* Assets.xcassets in Resources */,
				838E249425D7B3F60009EE11 /* README.md in Resources */,
				838E248125D7B2760009EE11 /* Main.storyboard in Resources */,
			);
			runOnlyForDeploymentPostprocessing = 0;
		};
/* End PBXResourcesBuildPhase section */

/* Begin PBXSourcesBuildPhase section */
		838E247225D7B2760009EE11 /* Sources */ = {
			isa = PBXSourcesBuildPhase;
			buildActionMask = 2147483647;
			files = (
				83B2BA2D27DE3E0E00C6E35C /* StatePort.swift in Sources */,
				831B35D025D811F7005CBC50 /* CounterState.swift in Sources */,
				83B2BA2927DE384300C6E35C /* PanelView.swift in Sources */,
				838E249025D7B2B60009EE11 /* CounterPresenter.swift in Sources */,
				83B2BA2727DE377F00C6E35C /* CounterViewController.swift in Sources */,
				83B2BA2F27DE3E1500C6E35C /* ViewModelPort.swift in Sources */,
				838E247A25D7B2760009EE11 /* AppDelegate.swift in Sources */,
				83B2BA2B27DE3DC500C6E35C /* ViewPort.swift in Sources */,
				838E247C25D7B2760009EE11 /* SceneDelegate.swift in Sources */,
			);
			runOnlyForDeploymentPostprocessing = 0;
		};
/* End PBXSourcesBuildPhase section */

/* Begin PBXVariantGroup section */
		838E247F25D7B2760009EE11 /* Main.storyboard */ = {
			isa = PBXVariantGroup;
			children = (
				838E248025D7B2760009EE11 /* Base */,
			);
			name = Main.storyboard;
			sourceTree = "<group>";
		};
		838E248425D7B2760009EE11 /* LaunchScreen.storyboard */ = {
			isa = PBXVariantGroup;
			children = (
				838E248525D7B2760009EE11 /* Base */,
			);
			name = LaunchScreen.storyboard;
			sourceTree = "<group>";
		};
/* End PBXVariantGroup section */

/* Begin XCBuildConfiguration section */
		838E248825D7B2760009EE11 /* Debug */ = {
			isa = XCBuildConfiguration;
			buildSettings = {
				ALWAYS_SEARCH_USER_PATHS = NO;
				CLANG_ANALYZER_NONNULL = YES;
				CLANG_ANALYZER_NUMBER_OBJECT_CONVERSION = YES_AGGRESSIVE;
				CLANG_CXX_LANGUAGE_STANDARD = "gnu++14";
				CLANG_CXX_LIBRARY = "libc++";
				CLANG_ENABLE_MODULES = YES;
				CLANG_ENABLE_OBJC_ARC = YES;
				CLANG_ENABLE_OBJC_WEAK = YES;
				CLANG_WARN_BLOCK_CAPTURE_AUTORELEASING = YES;
				CLANG_WARN_BOOL_CONVERSION = YES;
				CLANG_WARN_COMMA = YES;
				CLANG_WARN_CONSTANT_CONVERSION = YES;
				CLANG_WARN_DEPRECATED_OBJC_IMPLEMENTATIONS = YES;
				CLANG_WARN_DIRECT_OBJC_ISA_USAGE = YES_ERROR;
				CLANG_WARN_DOCUMENTATION_COMMENTS = YES;
				CLANG_WARN_EMPTY_BODY = YES;
				CLANG_WARN_ENUM_CONVERSION = YES;
				CLANG_WARN_INFINITE_RECURSION = YES;
				CLANG_WARN_INT_CONVERSION = YES;
				CLANG_WARN_NON_LITERAL_NULL_CONVERSION = YES;
				CLANG_WARN_OBJC_IMPLICIT_RETAIN_SELF = YES;
				CLANG_WARN_OBJC_LITERAL_CONVERSION = YES;
				CLANG_WARN_OBJC_ROOT_CLASS = YES_ERROR;
				CLANG_WARN_QUOTED_INCLUDE_IN_FRAMEWORK_HEADER = YES;
				CLANG_WARN_RANGE_LOOP_ANALYSIS = YES;
				CLANG_WARN_STRICT_PROTOTYPES = YES;
				CLANG_WARN_SUSPICIOUS_MOVE = YES;
				CLANG_WARN_UNGUARDED_AVAILABILITY = YES_AGGRESSIVE;
				CLANG_WARN_UNREACHABLE_CODE = YES;
				CLANG_WARN__DUPLICATE_METHOD_MATCH = YES;
				COPY_PHASE_STRIP = NO;
				DEBUG_INFORMATION_FORMAT = dwarf;
				ENABLE_STRICT_OBJC_MSGSEND = YES;
				ENABLE_TESTABILITY = YES;
				GCC_C_LANGUAGE_STANDARD = gnu11;
				GCC_DYNAMIC_NO_PIC = NO;
				GCC_NO_COMMON_BLOCKS = YES;
				GCC_OPTIMIZATION_LEVEL = 0;
				GCC_PREPROCESSOR_DEFINITIONS = (
					"DEBUG=1",
					"$(inherited)",
				);
				GCC_WARN_64_TO_32_BIT_CONVERSION = YES;
				GCC_WARN_ABOUT_RETURN_TYPE = YES_ERROR;
				GCC_WARN_UNDECLARED_SELECTOR = YES;
				GCC_WARN_UNINITIALIZED_AUTOS = YES_AGGRESSIVE;
				GCC_WARN_UNUSED_FUNCTION = YES;
				GCC_WARN_UNUSED_VARIABLE = YES;
				IPHONEOS_DEPLOYMENT_TARGET = 14.4;
				MTL_ENABLE_DEBUG_INFO = INCLUDE_SOURCE;
				MTL_FAST_MATH = YES;
				ONLY_ACTIVE_ARCH = YES;
				SDKROOT = iphoneos;
				SWIFT_ACTIVE_COMPILATION_CONDITIONS = DEBUG;
				SWIFT_OPTIMIZATION_LEVEL = "-Onone";
			};
			name = Debug;
		};
		838E248925D7B2760009EE11 /* Release */ = {
			isa = XCBuildConfiguration;
			buildSettings = {
				ALWAYS_SEARCH_USER_PATHS = NO;
				CLANG_ANALYZER_NONNULL = YES;
				CLANG_ANALYZER_NUMBER_OBJECT_CONVERSION = YES_AGGRESSIVE;
				CLANG_CXX_LANGUAGE_STANDARD = "gnu++14";
				CLANG_CXX_LIBRARY = "libc++";
				CLANG_ENABLE_MODULES = YES;
				CLANG_ENABLE_OBJC_ARC = YES;
				CLANG_ENABLE_OBJC_WEAK = YES;
				CLANG_WARN_BLOCK_CAPTURE_AUTORELEASING = YES;
				CLANG_WARN_BOOL_CONVERSION = YES;
				CLANG_WARN_COMMA = YES;
				CLANG_WARN_CONSTANT_CONVERSION = YES;
				CLANG_WARN_DEPRECATED_OBJC_IMPLEMENTATIONS = YES;
				CLANG_WARN_DIRECT_OBJC_ISA_USAGE = YES_ERROR;
				CLANG_WARN_DOCUMENTATION_COMMENTS = YES;
				CLANG_WARN_EMPTY_BODY = YES;
				CLANG_WARN_ENUM_CONVERSION = YES;
				CLANG_WARN_INFINITE_RECURSION = YES;
				CLANG_WARN_INT_CONVERSION = YES;
				CLANG_WARN_NON_LITERAL_NULL_CONVERSION = YES;
				CLANG_WARN_OBJC_IMPLICIT_RETAIN_SELF = YES;
				CLANG_WARN_OBJC_LITERAL_CONVERSION = YES;
				CLANG_WARN_OBJC_ROOT_CLASS = YES_ERROR;
				CLANG_WARN_QUOTED_INCLUDE_IN_FRAMEWORK_HEADER = YES;
				CLANG_WARN_RANGE_LOOP_ANALYSIS = YES;
				CLANG_WARN_STRICT_PROTOTYPES = YES;
				CLANG_WARN_SUSPICIOUS_MOVE = YES;
				CLANG_WARN_UNGUARDED_AVAILABILITY = YES_AGGRESSIVE;
				CLANG_WARN_UNREACHABLE_CODE = YES;
				CLANG_WARN__DUPLICATE_METHOD_MATCH = YES;
				COPY_PHASE_STRIP = NO;
				DEBUG_INFORMATION_FORMAT = "dwarf-with-dsym";
				ENABLE_NS_ASSERTIONS = NO;
				ENABLE_STRICT_OBJC_MSGSEND = YES;
				GCC_C_LANGUAGE_STANDARD = gnu11;
				GCC_NO_COMMON_BLOCKS = YES;
				GCC_WARN_64_TO_32_BIT_CONVERSION = YES;
				GCC_WARN_ABOUT_RETURN_TYPE = YES_ERROR;
				GCC_WARN_UNDECLARED_SELECTOR = YES;
				GCC_WARN_UNINITIALIZED_AUTOS = YES_AGGRESSIVE;
				GCC_WARN_UNUSED_FUNCTION = YES;
				GCC_WARN_UNUSED_VARIABLE = YES;
				IPHONEOS_DEPLOYMENT_TARGET = 14.4;
				MTL_ENABLE_DEBUG_INFO = NO;
				MTL_FAST_MATH = YES;
				SDKROOT = iphoneos;
				SWIFT_COMPILATION_MODE = wholemodule;
				SWIFT_OPTIMIZATION_LEVEL = "-O";
				VALIDATE_PRODUCT = YES;
			};
			name = Release;
		};
		838E248B25D7B2760009EE11 /* Debug */ = {
			isa = XCBuildConfiguration;
			buildSettings = {
				ASSETCATALOG_COMPILER_APPICON_NAME = AppIcon;
				ASSETCATALOG_COMPILER_GLOBAL_ACCENT_COLOR_NAME = AccentColor;
				CODE_SIGN_STYLE = Automatic;
				DEVELOPMENT_TEAM = B3PWYBKFUK;
				INFOPLIST_FILE = ReactiveCounter/Info.plist;
				LD_RUNPATH_SEARCH_PATHS = (
					"$(inherited)",
					"@executable_path/Frameworks",
				);
				PRODUCT_BUNDLE_IDENTIFIER = kr.codesquad.ReactiveCounter;
				PRODUCT_NAME = "$(TARGET_NAME)";
				SWIFT_VERSION = 5.0;
				TARGETED_DEVICE_FAMILY = "1,2";
			};
			name = Debug;
		};
		838E248C25D7B2760009EE11 /* Release */ = {
			isa = XCBuildConfiguration;
			buildSettings = {
				ASSETCATALOG_COMPILER_APPICON_NAME = AppIcon;
				ASSETCATALOG_COMPILER_GLOBAL_ACCENT_COLOR_NAME = AccentColor;
				CODE_SIGN_STYLE = Automatic;
				DEVELOPMENT_TEAM = B3PWYBKFUK;
				INFOPLIST_FILE = ReactiveCounter/Info.plist;
				LD_RUNPATH_SEARCH_PATHS = (
					"$(inherited)",
					"@executable_path/Frameworks",
				);
				PRODUCT_BUNDLE_IDENTIFIER = kr.codesquad.ReactiveCounter;
				PRODUCT_NAME = "$(TARGET_NAME)";
				SWIFT_VERSION = 5.0;
				TARGETED_DEVICE_FAMILY = "1,2";
			};
			name = Release;
		};
/* End XCBuildConfiguration section */

/* Begin XCConfigurationList section */
		838E247125D7B2760009EE11 /* Build configuration list for PBXProject "ReactiveCounter" */ = {
			isa = XCConfigurationList;
			buildConfigurations = (
				838E248825D7B2760009EE11 /* Debug */,
				838E248925D7B2760009EE11 /* Release */,
			);
			defaultConfigurationIsVisible = 0;
			defaultConfigurationName = Release;
		};
		838E248A25D7B2760009EE11 /* Build configuration list for PBXNativeTarget "ReactiveCounter" */ = {
			isa = XCConfigurationList;
			buildConfigurations = (
				838E248B25D7B2760009EE11 /* Debug */,
				838E248C25D7B2760009EE11 /* Release */,
			);
			defaultConfigurationIsVisible = 0;
			defaultConfigurationName = Release;
		};
/* End XCConfigurationList section */
	};
	rootObject = 838E246E25D7B2760009EE11 /* Project object */;
}
